
Microsoft Visual Studio Solution File, Format Version 12.00
# Visual Studio Version 16
VisualStudioVersion = 16.0.31321.278
MinimumVisualStudioVersion = 10.0.40219.1
Project("{9A19103F-16F7-4668-BE54-9A1E7A4F7556}") = "BLL", "BLL\BLL.csproj", "{41C46857-A8E7-4E68-819F-A6B41CF1A233}"
EndProject
Project("{9A19103F-16F7-4668-BE54-9A1E7A4F7556}") = "DAL", "DAL\DAL.csproj", "{79B041D3-3867-4A69-860B-ADFEF9ED0070}"
EndProject
Project("{9A19103F-16F7-4668-BE54-9A1E7A4F7556}") = "Domain", "Domain\Domain.csproj", "{7664550E-BEEE-4BC5-9839-387E3C47F52B}"
EndProject
Project("{FAE04EC0-301F-11D3-BF4B-00C04F79EFBC}") = "UI", "UI\UI.csproj", "{9142E692-EF22-44FB-988F-3EEF5BC295F6}"
EndProject
Project("{FAE04EC0-301F-11D3-BF4B-00C04F79EFBC}") = "Test", "Test\Test.csproj", "{3A148696-C242-454A-87D8-E1A710DE9AA3}"
EndProject
Global
	GlobalSection(SolutionConfigurationPlatforms) = preSolution
		Debug|Any CPU = Debug|Any CPU
		Release|Any CPU = Release|Any CPU
	EndGlobalSection
	GlobalSection(ProjectConfigurationPlatforms) = postSolution
		{41C46857-A8E7-4E68-819F-A6B41CF1A233}.Debug|Any CPU.ActiveCfg = Debug|Any CPU
		{41C46857-A8E7-4E68-819F-A6B41CF1A233}.Debug|Any CPU.Build.0 = Debug|Any CPU
		{41C46857-A8E7-4E68-819F-A6B41CF1A233}.Release|Any CPU.ActiveCfg = Release|Any CPU
		{41C46857-A8E7-4E68-819F-A6B41CF1A233}.Release|Any CPU.Build.0 = Release|Any CPU
		{79B041D3-3867-4A69-860B-ADFEF9ED0070}.Debug|Any CPU.ActiveCfg = Debug|Any CPU
		{79B041D3-3867-4A69-860B-ADFEF9ED0070}.Debug|Any CPU.Build.0 = Debug|Any CPU
		{79B041D3-3867-4A69-860B-ADFEF9ED0070}.Release|Any CPU.ActiveCfg = Release|Any CPU
		{79B041D3-3867-4A69-860B-ADFEF9ED0070}.Release|Any CPU.Build.0 = Release|Any CPU
		{7664550E-BEEE-4BC5-9839-387E3C47F52B}.Debug|Any CPU.ActiveCfg = Debug|Any CPU
		{7664550E-BEEE-4BC5-9839-387E3C47F52B}.Debug|Any CPU.Build.0 = Debug|Any CPU
		{7664550E-BEEE-4BC5-9839-387E3C47F52B}.Release|Any CPU.ActiveCfg = Release|Any CPU
		{7664550E-BEEE-4BC5-9839-387E3C47F52B}.Release|Any CPU.Build.0 = Release|Any CPU
		{9142E692-EF22-44FB-988F-3EEF5BC295F6}.Debug|Any CPU.ActiveCfg = Debug|Any CPU
		{9142E692-EF22-44FB-988F-3EEF5BC295F6}.Debug|Any CPU.Build.0 = Debug|Any CPU
		{9142E692-EF22-44FB-988F-3EEF5BC295F6}.Release|Any CPU.ActiveCfg = Release|Any CPU
		{9142E692-EF22-44FB-988F-3EEF5BC295F6}.Release|Any CPU.Build.0 = Release|Any CPU
		{3A148696-C242-454A-87D8-E1A710DE9AA3}.Debug|Any CPU.ActiveCfg = Debug|Any CPU
		{3A148696-C242-454A-87D8-E1A710DE9AA3}.Debug|Any CPU.Build.0 = Debug|Any CPU
		{3A148696-C242-454A-87D8-E1A710DE9AA3}.Release|Any CPU.ActiveCfg = Release|Any CPU
		{3A148696-C242-454A-87D8-E1A710DE9AA3}.Release|Any CPU.Build.0 = Release|Any CPU
	EndGlobalSection
	GlobalSection(SolutionProperties) = preSolution
		HideSolutionNode = FALSE
	EndGlobalSection
	GlobalSection(ExtensibilityGlobals) = postSolution
		SolutionGuid = {9C0868E5-6F80-4E3F-8AB4-66345E91C35A}
	EndGlobalSection
EndGlobal
